# THIS IS AN AUTOGENERATED FILE. DO NOT EDIT THIS FILE DIRECTLY.
# yarn lockfile v1


"@types/node@^10.12.21":
  version "10.12.21"
  resolved "http://registry.npm.taobao.org/@types/node/download/@types/node-10.12.21.tgz#7e8a0c34cf29f4e17a36e9bd0ea72d45ba03908e"
  integrity sha1-fooMNM8p9OF6Num9DqctRboDkI4=

scanf@^1.0.2:
  version "1.0.2"
  resolved "http://registry.npm.taobao.org/scanf/download/scanf-1.0.2.tgz#391cad4beff248b170e5bf968cdec8e3c8549026"
  integrity sha1-ORytS+/ySLFw5b+WjN7I48hUkCY=

split@^1.0.1:
  version "1.0.1"
  resolved "http://registry.npm.taobao.org/split/download/split-1.0.1.tgz#605bd9be303aa59fb35f9229fbea0ddec9ea07d9"
  integrity sha1-YFvZvjA6pZ+zX5Ip++oN3snqB9k=
  dependencies:
    through "2"

through@2:
  version "2.3.8"
  resolved "http://registry.npm.taobao.org/through/download/through-2.3.8.tgz#0dd4c9ffaabc357960b1b724115d7e0e86a2e1f5"
  integrity sha1-DdTJ/6q8NXlgsbckEV1+Doai4fU=

typescript@^3.3.1:
  version "3.3.1"
  resolved "http://registry.npm.taobao.org/typescript/download/typescript-3.3.1.tgz#6de14e1db4b8a006ac535e482c8ba018c55f750b"
  integrity sha1-beFOHbS4oAasU15ILIugGMVfdQs=
